
Microsoft Visual Studio Solution File, Format Version 12.00
# Visual Studio Version 16
VisualStudioVersion = 16.0.32002.261
MinimumVisualStudioVersion = 10.0.40219.1
Project("{8BC9CEB8-8B4A-11D0-8D11-00A0C91BC942}") = "PapOdin", "PapOdin\PapOdin.vcxproj", "{F2BCFE6E-63A0-4CBA-8D88-9D999396EAB2}"
EndProject
Project("{8BC9CEB8-8B4A-11D0-8D11-00A0C91BC942}") = "ParOdinDva", "ParOdinDva\ParOdinDva.vcxproj", "{7AAC67DF-078D-4B5A-B180-C05838206BB3}"
EndProject
Project("{8BC9CEB8-8B4A-11D0-8D11-00A0C91BC942}") = "ParDva", "ParDva\ParDva.vcxproj", "{F00F1BA3-4173-48AC-89B7-966AEFC51D40}"
EndProject
Project("{8BC9CEB8-8B4A-11D0-8D11-00A0C91BC942}") = "ParThree", "ParThree\ParThree.vcxproj", "{5D81C03A-FF1F-485F-9612-6ECC2B44E06A}"
EndProject
Project("{8BC9CEB8-8B4A-11D0-8D11-00A0C91BC942}") = "ParFive", "ParFive\ParFive.vcxproj", "{EB3021B7-4074-467F-B778-C47A3D6D4D52}"
EndProject
Project("{8BC9CEB8-8B4A-11D0-8D11-00A0C91BC942}") = "ParSix", "ParSix\ParSix.vcxproj", "{2AA5AF71-298A-4940-B605-384820EA8A57}"
EndProject
Project("{8BC9CEB8-8B4A-11D0-8D11-00A0C91BC942}") = "ParSeven", "ParSeven\ParSeven.vcxproj", "{DD21513E-3D24-4EC8-8AC1-0110C323CD58}"
EndProject
Project("{8BC9CEB8-8B4A-11D0-8D11-00A0C91BC942}") = "ParEight", "ParEight\ParEight.vcxproj", "{2A0BD207-3720-47A5-B6A7-0E41C297F269}"
EndProject
Project("{8BC9CEB8-8B4A-11D0-8D11-00A0C91BC942}") = "ParFour", "ParFour\ParFour.vcxproj", "{3D485505-A72A-4D4A-B1A4-7873BB1C059B}"
EndProject
Global
	GlobalSection(SolutionConfigurationPlatforms) = preSolution
		Debug|x64 = Debug|x64
		Debug|x86 = Debug|x86
		Release|x64 = Release|x64
		Release|x86 = Release|x86
	EndGlobalSection
	GlobalSection(ProjectConfigurationPlatforms) = postSolution
		{F2BCFE6E-63A0-4CBA-8D88-9D999396EAB2}.Debug|x64.ActiveCfg = Debug|x64
		{F2BCFE6E-63A0-4CBA-8D88-9D999396EAB2}.Debug|x64.Build.0 = Debug|x64
		{F2BCFE6E-63A0-4CBA-8D88-9D999396EAB2}.Debug|x86.ActiveCfg = Debug|Win32
		{F2BCFE6E-63A0-4CBA-8D88-9D999396EAB2}.Debug|x86.Build.0 = Debug|Win32
		{F2BCFE6E-63A0-4CBA-8D88-9D999396EAB2}.Release|x64.ActiveCfg = Release|x64
		{F2BCFE6E-63A0-4CBA-8D88-9D999396EAB2}.Release|x64.Build.0 = Release|x64
		{F2BCFE6E-63A0-4CBA-8D88-9D999396EAB2}.Release|x86.ActiveCfg = Release|Win32
		{F2BCFE6E-63A0-4CBA-8D88-9D999396EAB2}.Release|x86.Build.0 = Release|Win32
		{7AAC67DF-078D-4B5A-B180-C05838206BB3}.Debug|x64.ActiveCfg = Debug|x64
		{7AAC67DF-078D-4B5A-B180-C05838206BB3}.Debug|x64.Build.0 = Debug|x64
		{7AAC67DF-078D-4B5A-B180-C05838206BB3}.Debug|x86.ActiveCfg = Debug|Win32
		{7AAC67DF-078D-4B5A-B180-C05838206BB3}.Debug|x86.Build.0 = Debug|Win32
		{7AAC67DF-078D-4B5A-B180-C05838206BB3}.Release|x64.ActiveCfg = Release|x64
		{7AAC67DF-078D-4B5A-B180-C05838206BB3}.Release|x64.Build.0 = Release|x64
		{7AAC67DF-078D-4B5A-B180-C05838206BB3}.Release|x86.ActiveCfg = Release|Win32
		{7AAC67DF-078D-4B5A-B180-C05838206BB3}.Release|x86.Build.0 = Release|Win32
		{F00F1BA3-4173-48AC-89B7-966AEFC51D40}.Debug|x64.ActiveCfg = Debug|x64
		{F00F1BA3-4173-48AC-89B7-966AEFC51D40}.Debug|x64.Build.0 = Debug|x64
		{F00F1BA3-4173-48AC-89B7-966AEFC51D40}.Debug|x86.ActiveCfg = Debug|Win32
		{F00F1BA3-4173-48AC-89B7-966AEFC51D40}.Debug|x86.Build.0 = Debug|Win32
		{F00F1BA3-4173-48AC-89B7-966AEFC51D40}.Release|x64.ActiveCfg = Release|x64
		{F00F1BA3-4173-48AC-89B7-966AEFC51D40}.Release|x64.Build.0 = Release|x64
		{F00F1BA3-4173-48AC-89B7-966AEFC51D40}.Release|x86.ActiveCfg = Release|Win32
		{F00F1BA3-4173-48AC-89B7-966AEFC51D40}.Release|x86.Build.0 = Release|Win32
		{5D81C03A-FF1F-485F-9612-6ECC2B44E06A}.Debug|x64.ActiveCfg = Debug|x64
		{5D81C03A-FF1F-485F-9612-6ECC2B44E06A}.Debug|x64.Build.0 = Debug|x64
		{5D81C03A-FF1F-485F-9612-6ECC2B44E06A}.Debug|x86.ActiveCfg = Debug|Win32
		{5D81C03A-FF1F-485F-9612-6ECC2B44E06A}.Debug|x86.Build.0 = Debug|Win32
		{5D81C03A-FF1F-485F-9612-6ECC2B44E06A}.Release|x64.ActiveCfg = Release|x64
		{5D81C03A-FF1F-485F-9612-6ECC2B44E06A}.Release|x64.Build.0 = Release|x64
		{5D81C03A-FF1F-485F-9612-6ECC2B44E06A}.Release|x86.ActiveCfg = Release|Win32
		{5D81C03A-FF1F-485F-9612-6ECC2B44E06A}.Release|x86.Build.0 = Release|Win32
		{EB3021B7-4074-467F-B778-C47A3D6D4D52}.Debug|x64.ActiveCfg = Debug|x64
		{EB3021B7-4074-467F-B778-C47A3D6D4D52}.Debug|x64.Build.0 = Debug|x64
		{EB3021B7-4074-467F-B778-C47A3D6D4D52}.Debug|x86.ActiveCfg = Debug|Win32
		{EB3021B7-4074-467F-B778-C47A3D6D4D52}.Debug|x86.Build.0 = Debug|Win32
		{EB3021B7-4074-467F-B778-C47A3D6D4D52}.Release|x64.ActiveCfg = Release|x64
		{EB3021B7-4074-467F-B778-C47A3D6D4D52}.Release|x64.Build.0 = Release|x64
		{EB3021B7-4074-467F-B778-C47A3D6D4D52}.Release|x86.ActiveCfg = Release|Win32
		{EB3021B7-4074-467F-B778-C47A3D6D4D52}.Release|x86.Build.0 = Release|Win32
		{2AA5AF71-298A-4940-B605-384820EA8A57}.Debug|x64.ActiveCfg = Debug|x64
		{2AA5AF71-298A-4940-B605-384820EA8A57}.Debug|x64.Build.0 = Debug|x64
		{2AA5AF71-298A-4940-B605-384820EA8A57}.Debug|x86.ActiveCfg = Debug|Win32
		{2AA5AF71-298A-4940-B605-384820EA8A57}.Debug|x86.Build.0 = Debug|Win32
		{2AA5AF71-298A-4940-B605-384820EA8A57}.Release|x64.ActiveCfg = Release|x64
		{2AA5AF71-298A-4940-B605-384820EA8A57}.Release|x64.Build.0 = Release|x64
		{2AA5AF71-298A-4940-B605-384820EA8A57}.Release|x86.ActiveCfg = Release|Win32
		{2AA5AF71-298A-4940-B605-384820EA8A57}.Release|x86.Build.0 = Release|Win32
		{DD21513E-3D24-4EC8-8AC1-0110C323CD58}.Debug|x64.ActiveCfg = Debug|x64
		{DD21513E-3D24-4EC8-8AC1-0110C323CD58}.Debug|x64.Build.0 = Debug|x64
		{DD21513E-3D24-4EC8-8AC1-0110C323CD58}.Debug|x86.ActiveCfg = Debug|Win32
		{DD21513E-3D24-4EC8-8AC1-0110C323CD58}.Debug|x86.Build.0 = Debug|Win32
		{DD21513E-3D24-4EC8-8AC1-0110C323CD58}.Release|x64.ActiveCfg = Release|x64
		{DD21513E-3D24-4EC8-8AC1-0110C323CD58}.Release|x64.Build.0 = Release|x64
		{DD21513E-3D24-4EC8-8AC1-0110C323CD58}.Release|x86.ActiveCfg = Release|Win32
		{DD21513E-3D24-4EC8-8AC1-0110C323CD58}.Release|x86.Build.0 = Release|Win32
		{2A0BD207-3720-47A5-B6A7-0E41C297F269}.Debug|x64.ActiveCfg = Debug|x64
		{2A0BD207-3720-47A5-B6A7-0E41C297F269}.Debug|x64.Build.0 = Debug|x64
		{2A0BD207-3720-47A5-B6A7-0E41C297F269}.Debug|x86.ActiveCfg = Debug|Win32
		{2A0BD207-3720-47A5-B6A7-0E41C297F269}.Debug|x86.Build.0 = Debug|Win32
		{2A0BD207-3720-47A5-B6A7-0E41C297F269}.Release|x64.ActiveCfg = Release|x64
		{2A0BD207-3720-47A5-B6A7-0E41C297F269}.Release|x64.Build.0 = Release|x64
		{2A0BD207-3720-47A5-B6A7-0E41C297F269}.Release|x86.ActiveCfg = Release|Win32
		{2A0BD207-3720-47A5-B6A7-0E41C297F269}.Release|x86.Build.0 = Release|Win32
		{3D485505-A72A-4D4A-B1A4-7873BB1C059B}.Debug|x64.ActiveCfg = Debug|x64
		{3D485505-A72A-4D4A-B1A4-7873BB1C059B}.Debug|x64.Build.0 = Debug|x64
		{3D485505-A72A-4D4A-B1A4-7873BB1C059B}.Debug|x86.ActiveCfg = Debug|Win32
		{3D485505-A72A-4D4A-B1A4-7873BB1C059B}.Debug|x86.Build.0 = Debug|Win32
		{3D485505-A72A-4D4A-B1A4-7873BB1C059B}.Release|x64.ActiveCfg = Release|x64
		{3D485505-A72A-4D4A-B1A4-7873BB1C059B}.Release|x64.Build.0 = Release|x64
		{3D485505-A72A-4D4A-B1A4-7873BB1C059B}.Release|x86.ActiveCfg = Release|Win32
		{3D485505-A72A-4D4A-B1A4-7873BB1C059B}.Release|x86.Build.0 = Release|Win32
	EndGlobalSection
	GlobalSection(SolutionProperties) = preSolution
		HideSolutionNode = FALSE
	EndGlobalSection
	GlobalSection(ExtensibilityGlobals) = postSolution
		SolutionGuid = {3B1BDF51-7182-4E05-8254-64EC721CEEA5}
	EndGlobalSection
EndGlobal
